
Microsoft Visual Studio Solution File, Format Version 12.00
# Visual Studio Version 16
VisualStudioVersion = 16.0.30711.63
MinimumVisualStudioVersion = 10.0.40219.1
Project("{FAE04EC0-301F-11D3-BF4B-00C04F79EFBC}") = "xo", "xo\xo.csproj", "{0E19028D-988E-43EF-872C-BCA1B21CDF70}"
EndProject
Global
	GlobalSection(SolutionConfigurationPlatforms) = preSolution
		Debug|Any CPU = Debug|Any CPU
		Release|Any CPU = Release|Any CPU
	EndGlobalSection
	GlobalSection(ProjectConfigurationPlatforms) = postSolution
		{0E19028D-988E-43EF-872C-BCA1B21CDF70}.Debug|Any CPU.ActiveCfg = Debug|Any CPU
		{0E19028D-988E-43EF-872C-BCA1B21CDF70}.Debug|Any CPU.Build.0 = Debug|Any CPU
		{0E19028D-988E-43EF-872C-BCA1B21CDF70}.Release|Any CPU.ActiveCfg = Release|Any CPU
		{0E19028D-988E-43EF-872C-BCA1B21CDF70}.Release|Any CPU.Build.0 = Release|Any CPU
	EndGlobalSection
	GlobalSection(SolutionProperties) = preSolution
		HideSolutionNode = FALSE
	EndGlobalSection
	GlobalSection(ExtensibilityGlobals) = postSolution
		SolutionGuid = {A36AEE6E-E20C-459C-823E-829A4F6A905A}
	EndGlobalSection
EndGlobal
